
Microsoft Visual Studio Solution File, Format Version 12.00
# Visual Studio Version 16
VisualStudioVersion = 16.0.32901.82
MinimumVisualStudioVersion = 10.0.40219.1
Project("{FAE04EC0-301F-11D3-BF4B-00C04F79EFBC}") = "ToiDongY", "ToiDongY\ToiDongY.csproj", "{B05765A6-1D1D-473C-9D09-C74FB912A313}"
EndProject
Global
	GlobalSection(SolutionConfigurationPlatforms) = preSolution
		Debug|Any CPU = Debug|Any CPU
		Release|Any CPU = Release|Any CPU
	EndGlobalSection
	GlobalSection(ProjectConfigurationPlatforms) = postSolution
		{B05765A6-1D1D-473C-9D09-C74FB912A313}.Debug|Any CPU.ActiveCfg = Debug|Any CPU
		{B05765A6-1D1D-473C-9D09-C74FB912A313}.Debug|Any CPU.Build.0 = Debug|Any CPU
		{B05765A6-1D1D-473C-9D09-C74FB912A313}.Release|Any CPU.ActiveCfg = Release|Any CPU
		{B05765A6-1D1D-473C-9D09-C74FB912A313}.Release|Any CPU.Build.0 = Release|Any CPU
	EndGlobalSection
	GlobalSection(SolutionProperties) = preSolution
		HideSolutionNode = FALSE
	EndGlobalSection
	GlobalSection(ExtensibilityGlobals) = postSolution
		SolutionGuid = {4F3BBF95-0E5B-4F0B-A7D1-9E45A06A3B0C}
	EndGlobalSection
EndGlobal
